// !$*UTF8*$!
{
	archiveVersion = 1;
	classes = {
	};
	objectVersion = 46;
	objects = {

/* Begin PBXBuildFile section */
		89BB92BD1880DAEC00D8D3BE /* Foundation.framework in Frameworks */ = {isa = PBXBuildFile; fileRef = 89BB92BC1880DAEC00D8D3BE /* Foundation.framework */; };
		89BB92BF1880DAEC00D8D3BE /* CoreGraphics.framework in Frameworks */ = {isa = PBXBuildFile; fileRef = 89BB92BE1880DAEC00D8D3BE /* CoreGraphics.framework */; };
		89BB92C11880DAEC00D8D3BE /* UIKit.framework in Frameworks */ = {isa = PBXBuildFile; fileRef = 89BB92C01880DAEC00D8D3BE /* UIKit.framework */; };
		89BB92C71880DAEC00D8D3BE /* InfoPlist.strings in Resources */ = {isa = PBXBuildFile; fileRef = 89BB92C51880DAEC00D8D3BE /* InfoPlist.strings */; };
		89BB92C91880DAEC00D8D3BE /* main.m in Sources */ = {isa = PBXBuildFile; fileRef = 89BB92C81880DAEC00D8D3BE /* main.m */; };
		89BB92CD1880DAEC00D8D3BE /* MGHAppDelegate.m in Sources */ = {isa = PBXBuildFile; fileRef = 89BB92CC1880DAEC00D8D3BE /* MGHAppDelegate.m */; };
		89BB92CF1880DAEC00D8D3BE /* Images.xcassets in Resources */ = {isa = PBXBuildFile; fileRef = 89BB92CE1880DAEC00D8D3BE /* Images.xcassets */; };
		89BB92D61880DAEC00D8D3BE /* XCTest.framework in Frameworks */ = {isa = PBXBuildFile; fileRef = 89BB92D51880DAEC00D8D3BE /* XCTest.framework */; };
		89BB92D71880DAEC00D8D3BE /* Foundation.framework in Frameworks */ = {isa = PBXBuildFile; fileRef = 89BB92BC1880DAEC00D8D3BE /* Foundation.framework */; };
		89BB92D81880DAEC00D8D3BE /* UIKit.framework in Frameworks */ = {isa = PBXBuildFile; fileRef = 89BB92C01880DAEC00D8D3BE /* UIKit.framework */; };
		89BB92E01880DAEC00D8D3BE /* InfoPlist.strings in Resources */ = {isa = PBXBuildFile; fileRef = 89BB92DE1880DAEC00D8D3BE /* InfoPlist.strings */; };
		89BB92E21880DAEC00D8D3BE /* MegaHealthTests.m in Sources */ = {isa = PBXBuildFile; fileRef = 89BB92E11880DAEC00D8D3BE /* MegaHealthTests.m */; };
		89BB92EC1880DD3800D8D3BE /* AudioToolbox.framework in Frameworks */ = {isa = PBXBuildFile; fileRef = 89BB92EB1880DD3800D8D3BE /* AudioToolbox.framework */; };
		89BB92EE1880DD3E00D8D3BE /* CFNetwork.framework in Frameworks */ = {isa = PBXBuildFile; fileRef = 89BB92ED1880DD3E00D8D3BE /* CFNetwork.framework */; };
		89BB92F01880DD4B00D8D3BE /* CoreLocation.framework in Frameworks */ = {isa = PBXBuildFile; fileRef = 89BB92EF1880DD4B00D8D3BE /* CoreLocation.framework */; };
		89BB92F21880DD5200D8D3BE /* libz.1.1.3.dylib in Frameworks */ = {isa = PBXBuildFile; fileRef = 89BB92F11880DD5200D8D3BE /* libz.1.1.3.dylib */; };
		89BB92F41880DD5700D8D3BE /* MobileCoreServices.framework in Frameworks */ = {isa = PBXBuildFile; fileRef = 89BB92F31880DD5700D8D3BE /* MobileCoreServices.framework */; };
		89BB92F61880DD5D00D8D3BE /* QuartzCore.framework in Frameworks */ = {isa = PBXBuildFile; fileRef = 89BB92F51880DD5D00D8D3BE /* QuartzCore.framework */; };
		89BB92F81880DD6300D8D3BE /* Security.framework in Frameworks */ = {isa = PBXBuildFile; fileRef = 89BB92F71880DD6300D8D3BE /* Security.framework */; };
		89BB92FA1880DD7000D8D3BE /* StoreKit.framework in Frameworks */ = {isa = PBXBuildFile; fileRef = 89BB92F91880DD7000D8D3BE /* StoreKit.framework */; };
		89BB92FC1880DD7900D8D3BE /* SystemConfiguration.framework in Frameworks */ = {isa = PBXBuildFile; fileRef = 89BB92FB1880DD7900D8D3BE /* SystemConfiguration.framework */; };
		89BB93011880DE8A00D8D3BE /* Parse.framework in Frameworks */ = {isa = PBXBuildFile; fileRef = 89BB93001880DE8A00D8D3BE /* Parse.framework */; };
		89BB93061880EE1900D8D3BE /* MGHIntroViewController.m in Sources */ = {isa = PBXBuildFile; fileRef = 89BB93041880EE1900D8D3BE /* MGHIntroViewController.m */; };
		89BB93071880EE1900D8D3BE /* MGHIntroViewController.xib in Resources */ = {isa = PBXBuildFile; fileRef = 89BB93051880EE1900D8D3BE /* MGHIntroViewController.xib */; };
		89BB930B1880EE3500D8D3BE /* MGHSettingsViewController.m in Sources */ = {isa = PBXBuildFile; fileRef = 89BB93091880EE3500D8D3BE /* MGHSettingsViewController.m */; };
		89BB930C1880EE3500D8D3BE /* MGHSettingsViewController.xib in Resources */ = {isa = PBXBuildFile; fileRef = 89BB930A1880EE3500D8D3BE /* MGHSettingsViewController.xib */; };
		89BB93101880EE4600D8D3BE /* MGHWorkoutViewController.m in Sources */ = {isa = PBXBuildFile; fileRef = 89BB930E1880EE4600D8D3BE /* MGHWorkoutViewController.m */; };
		89BB93111880EE4600D8D3BE /* MGHWorkoutViewController.xib in Resources */ = {isa = PBXBuildFile; fileRef = 89BB930F1880EE4600D8D3BE /* MGHWorkoutViewController.xib */; };
		89BB93141880EE9E00D8D3BE /* MGHTimelineViewController.m in Sources */ = {isa = PBXBuildFile; fileRef = 89BB93131880EE9E00D8D3BE /* MGHTimelineViewController.m */; };
		89BB93181880F10800D8D3BE /* MGHWorkout.m in Sources */ = {isa = PBXBuildFile; fileRef = 89BB93171880F10800D8D3BE /* MGHWorkout.m */; };
		89BB931B1880F11900D8D3BE /* MGHContent.m in Sources */ = {isa = PBXBuildFile; fileRef = 89BB931A1880F11900D8D3BE /* MGHContent.m */; };
		89BB931F1881E0E000D8D3BE /* MGHDateFormatter.m in Sources */ = {isa = PBXBuildFile; fileRef = 89BB931E1881E0E000D8D3BE /* MGHDateFormatter.m */; };
		89BB93241881E81F00D8D3BE /* SORelativeDateTransformer.bundle in Resources */ = {isa = PBXBuildFile; fileRef = 89BB93211881E81F00D8D3BE /* SORelativeDateTransformer.bundle */; };
		89BB93251881E81F00D8D3BE /* SORelativeDateTransformer.m in Sources */ = {isa = PBXBuildFile; fileRef = 89BB93231881E81F00D8D3BE /* SORelativeDateTransformer.m */; };
		89BB93281882137C00D8D3BE /* Raleway-Thin.otf in Resources */ = {isa = PBXBuildFile; fileRef = 89BB93271882137C00D8D3BE /* Raleway-Thin.otf */; };
		89BB932A1882138300D8D3BE /* rechargeLogo@2x.png in Resources */ = {isa = PBXBuildFile; fileRef = 89BB93291882138300D8D3BE /* rechargeLogo@2x.png */; };
		89BB932C188214CD00D8D3BE /* introBackground@2x.jpg in Resources */ = {isa = PBXBuildFile; fileRef = 89BB932B188214CD00D8D3BE /* introBackground@2x.jpg */; };
		89BB932F188224F300D8D3BE /* MGHTimelineCell.m in Sources */ = {isa = PBXBuildFile; fileRef = 89BB932E188224F300D8D3BE /* MGHTimelineCell.m */; };
		89BB93321882275400D8D3BE /* MGHNextWorkoutCell.m in Sources */ = {isa = PBXBuildFile; fileRef = 89BB93311882275400D8D3BE /* MGHNextWorkoutCell.m */; };
		89BB93341882381100D8D3BE /* Raleway-Medium.otf in Resources */ = {isa = PBXBuildFile; fileRef = 89BB93331882381100D8D3BE /* Raleway-Medium.otf */; };
		89BB93361882389800D8D3BE /* mainBackground@2x.jpg in Resources */ = {isa = PBXBuildFile; fileRef = 89BB93351882389800D8D3BE /* mainBackground@2x.jpg */; };
/* End PBXBuildFile section */

/* Begin PBXContainerItemProxy section */
		89BB92D91880DAEC00D8D3BE /* PBXContainerItemProxy */ = {
			isa = PBXContainerItemProxy;
			containerPortal = 89BB92B11880DAEC00D8D3BE /* Project object */;
			proxyType = 1;
			remoteGlobalIDString = 89BB92B81880DAEC00D8D3BE;
			remoteInfo = MegaHealth;
		};
/* End PBXContainerItemProxy section */

/* Begin PBXFileReference section */
		89BB92B91880DAEC00D8D3BE /* MegaHealth.app */ = {isa = PBXFileReference; explicitFileType = wrapper.application; includeInIndex = 0; path = MegaHealth.app; sourceTree = BUILT_PRODUCTS_DIR; };
		89BB92BC1880DAEC00D8D3BE /* Foundation.framework */ = {isa = PBXFileReference; lastKnownFileType = wrapper.framework; name = Foundation.framework; path = System/Library/Frameworks/Foundation.framework; sourceTree = SDKROOT; };
		89BB92BE1880DAEC00D8D3BE /* CoreGraphics.framework */ = {isa = PBXFileReference; lastKnownFileType = wrapper.framework; name = CoreGraphics.framework; path = System/Library/Frameworks/CoreGraphics.framework; sourceTree = SDKROOT; };
		89BB92C01880DAEC00D8D3BE /* UIKit.framework */ = {isa = PBXFileReference; lastKnownFileType = wrapper.framework; name = UIKit.framework; path = System/Library/Frameworks/UIKit.framework; sourceTree = SDKROOT; };
		89BB92C41880DAEC00D8D3BE /* MegaHealth-Info.plist */ = {isa = PBXFileReference; lastKnownFileType = text.plist.xml; path = "MegaHealth-Info.plist"; sourceTree = "<group>"; };
		89BB92C61880DAEC00D8D3BE /* en */ = {isa = PBXFileReference; lastKnownFileType = text.plist.strings; name = en; path = en.lproj/InfoPlist.strings; sourceTree = "<group>"; };
		89BB92C81880DAEC00D8D3BE /* main.m */ = {isa = PBXFileReference; lastKnownFileType = sourcecode.c.objc; path = main.m; sourceTree = "<group>"; };
		89BB92CA1880DAEC00D8D3BE /* MegaHealth-Prefix.pch */ = {isa = PBXFileReference; lastKnownFileType = sourcecode.c.h; path = "MegaHealth-Prefix.pch"; sourceTree = "<group>"; };
		89BB92CB1880DAEC00D8D3BE /* MGHAppDelegate.h */ = {isa = PBXFileReference; lastKnownFileType = sourcecode.c.h; path = MGHAppDelegate.h; sourceTree = "<group>"; };
		89BB92CC1880DAEC00D8D3BE /* MGHAppDelegate.m */ = {isa = PBXFileReference; lastKnownFileType = sourcecode.c.objc; path = MGHAppDelegate.m; sourceTree = "<group>"; };
		89BB92CE1880DAEC00D8D3BE /* Images.xcassets */ = {isa = PBXFileReference; lastKnownFileType = folder.assetcatalog; path = Images.xcassets; sourceTree = "<group>"; };
		89BB92D41880DAEC00D8D3BE /* MegaHealthTests.xctest */ = {isa = PBXFileReference; explicitFileType = wrapper.cfbundle; includeInIndex = 0; path = MegaHealthTests.xctest; sourceTree = BUILT_PRODUCTS_DIR; };
		89BB92D51880DAEC00D8D3BE /* XCTest.framework */ = {isa = PBXFileReference; lastKnownFileType = wrapper.framework; name = XCTest.framework; path = Library/Frameworks/XCTest.framework; sourceTree = DEVELOPER_DIR; };
		89BB92DD1880DAEC00D8D3BE /* MegaHealthTests-Info.plist */ = {isa = PBXFileReference; lastKnownFileType = text.plist.xml; name = "MegaHealthTests-Info.plist"; path = "MegaHealthTests/MegaHealthTests-Info.plist"; sourceTree = SOURCE_ROOT; };
		89BB92DF1880DAEC00D8D3BE /* en */ = {isa = PBXFileReference; lastKnownFileType = text.plist.strings; name = en; path = en.lproj/InfoPlist.strings; sourceTree = "<group>"; };
		89BB92E11880DAEC00D8D3BE /* MegaHealthTests.m */ = {isa = PBXFileReference; lastKnownFileType = sourcecode.c.objc; path = MegaHealthTests.m; sourceTree = "<group>"; };
		89BB92EB1880DD3800D8D3BE /* AudioToolbox.framework */ = {isa = PBXFileReference; lastKnownFileType = wrapper.framework; name = AudioToolbox.framework; path = System/Library/Frameworks/AudioToolbox.framework; sourceTree = SDKROOT; };
		89BB92ED1880DD3E00D8D3BE /* CFNetwork.framework */ = {isa = PBXFileReference; lastKnownFileType = wrapper.framework; name = CFNetwork.framework; path = System/Library/Frameworks/CFNetwork.framework; sourceTree = SDKROOT; };
		89BB92EF1880DD4B00D8D3BE /* CoreLocation.framework */ = {isa = PBXFileReference; lastKnownFileType = wrapper.framework; name = CoreLocation.framework; path = System/Library/Frameworks/CoreLocation.framework; sourceTree = SDKROOT; };
		89BB92F11880DD5200D8D3BE /* libz.1.1.3.dylib */ = {isa = PBXFileReference; lastKnownFileType = "compiled.mach-o.dylib"; name = libz.1.1.3.dylib; path = usr/lib/libz.1.1.3.dylib; sourceTree = SDKROOT; };
		89BB92F31880DD5700D8D3BE /* MobileCoreServices.framework */ = {isa = PBXFileReference; lastKnownFileType = wrapper.framework; name = MobileCoreServices.framework; path = System/Library/Frameworks/MobileCoreServices.framework; sourceTree = SDKROOT; };
		89BB92F51880DD5D00D8D3BE /* QuartzCore.framework */ = {isa = PBXFileReference; lastKnownFileType = wrapper.framework; name = QuartzCore.framework; path = System/Library/Frameworks/QuartzCore.framework; sourceTree = SDKROOT; };
		89BB92F71880DD6300D8D3BE /* Security.framework */ = {isa = PBXFileReference; lastKnownFileType = wrapper.framework; name = Security.framework; path = System/Library/Frameworks/Security.framework; sourceTree = SDKROOT; };
		89BB92F91880DD7000D8D3BE /* StoreKit.framework */ = {isa = PBXFileReference; lastKnownFileType = wrapper.framework; name = StoreKit.framework; path = System/Library/Frameworks/StoreKit.framework; sourceTree = SDKROOT; };
		89BB92FB1880DD7900D8D3BE /* SystemConfiguration.framework */ = {isa = PBXFileReference; lastKnownFileType = wrapper.framework; name = SystemConfiguration.framework; path = System/Library/Frameworks/SystemConfiguration.framework; sourceTree = SDKROOT; };
		89BB93001880DE8A00D8D3BE /* Parse.framework */ = {isa = PBXFileReference; lastKnownFileType = wrapper.framework; name = Parse.framework; path = "External Frameworks/Parse.framework"; sourceTree = "<group>"; };
		89BB93031880EE1900D8D3BE /* MGHIntroViewController.h */ = {isa = PBXFileReference; fileEncoding = 4; lastKnownFileType = sourcecode.c.h; path = MGHIntroViewController.h; sourceTree = "<group>"; };
		89BB93041880EE1900D8D3BE /* MGHIntroViewController.m */ = {isa = PBXFileReference; fileEncoding = 4; lastKnownFileType = sourcecode.c.objc; path = MGHIntroViewController.m; sourceTree = "<group>"; };
		89BB93051880EE1900D8D3BE /* MGHIntroViewController.xib */ = {isa = PBXFileReference; fileEncoding = 4; lastKnownFileType = file.xib; path = MGHIntroViewController.xib; sourceTree = "<group>"; };
		89BB93081880EE3500D8D3BE /* MGHSettingsViewController.h */ = {isa = PBXFileReference; fileEncoding = 4; lastKnownFileType = sourcecode.c.h; path = MGHSettingsViewController.h; sourceTree = "<group>"; };
		89BB93091880EE3500D8D3BE /* MGHSettingsViewController.m */ = {isa = PBXFileReference; fileEncoding = 4; lastKnownFileType = sourcecode.c.objc; path = MGHSettingsViewController.m; sourceTree = "<group>"; };
		89BB930A1880EE3500D8D3BE /* MGHSettingsViewController.xib */ = {isa = PBXFileReference; fileEncoding = 4; lastKnownFileType = file.xib; path = MGHSettingsViewController.xib; sourceTree = "<group>"; };
		89BB930D1880EE4600D8D3BE /* MGHWorkoutViewController.h */ = {isa = PBXFileReference; fileEncoding = 4; lastKnownFileType = sourcecode.c.h; path = MGHWorkoutViewController.h; sourceTree = "<group>"; };
		89BB930E1880EE4600D8D3BE /* MGHWorkoutViewController.m */ = {isa = PBXFileReference; fileEncoding = 4; lastKnownFileType = sourcecode.c.objc; path = MGHWorkoutViewController.m; sourceTree = "<group>"; };
		89BB930F1880EE4600D8D3BE /* MGHWorkoutViewController.xib */ = {isa = PBXFileReference; fileEncoding = 4; lastKnownFileType = file.xib; path = MGHWorkoutViewController.xib; sourceTree = "<group>"; };
		89BB93121880EE9E00D8D3BE /* MGHTimelineViewController.h */ = {isa = PBXFileReference; fileEncoding = 4; lastKnownFileType = sourcecode.c.h; path = MGHTimelineViewController.h; sourceTree = "<group>"; };
		89BB93131880EE9E00D8D3BE /* MGHTimelineViewController.m */ = {isa = PBXFileReference; fileEncoding = 4; lastKnownFileType = sourcecode.c.objc; path = MGHTimelineViewController.m; sourceTree = "<group>"; };
		89BB93161880F10800D8D3BE /* MGHWorkout.h */ = {isa = PBXFileReference; fileEncoding = 4; lastKnownFileType = sourcecode.c.h; path = MGHWorkout.h; sourceTree = "<group>"; };
		89BB93171880F10800D8D3BE /* MGHWorkout.m */ = {isa = PBXFileReference; fileEncoding = 4; lastKnownFileType = sourcecode.c.objc; path = MGHWorkout.m; sourceTree = "<group>"; };
		89BB93191880F11900D8D3BE /* MGHContent.h */ = {isa = PBXFileReference; fileEncoding = 4; lastKnownFileType = sourcecode.c.h; path = MGHContent.h; sourceTree = "<group>"; };
		89BB931A1880F11900D8D3BE /* MGHContent.m */ = {isa = PBXFileReference; fileEncoding = 4; lastKnownFileType = sourcecode.c.objc; path = MGHContent.m; sourceTree = "<group>"; };
		89BB931C1880F5A500D8D3BE /* Defines.h */ = {isa = PBXFileReference; fileEncoding = 4; lastKnownFileType = sourcecode.c.h; path = Defines.h; sourceTree = "<group>"; };
		89BB931D1881E0E000D8D3BE /* MGHDateFormatter.h */ = {isa = PBXFileReference; fileEncoding = 4; lastKnownFileType = sourcecode.c.h; path = MGHDateFormatter.h; sourceTree = "<group>"; };
		89BB931E1881E0E000D8D3BE /* MGHDateFormatter.m */ = {isa = PBXFileReference; fileEncoding = 4; lastKnownFileType = sourcecode.c.objc; path = MGHDateFormatter.m; sourceTree = "<group>"; };
		89BB93211881E81F00D8D3BE /* SORelativeDateTransformer.bundle */ = {isa = PBXFileReference; lastKnownFileType = "wrapper.plug-in"; path = SORelativeDateTransformer.bundle; sourceTree = "<group>"; };
		89BB93221881E81F00D8D3BE /* SORelativeDateTransformer.h */ = {isa = PBXFileReference; fileEncoding = 4; lastKnownFileType = sourcecode.c.h; path = SORelativeDateTransformer.h; sourceTree = "<group>"; };
		89BB93231881E81F00D8D3BE /* SORelativeDateTransformer.m */ = {isa = PBXFileReference; fileEncoding = 4; lastKnownFileType = sourcecode.c.objc; path = SORelativeDateTransformer.m; sourceTree = "<group>"; };
		89BB93271882137C00D8D3BE /* Raleway-Thin.otf */ = {isa = PBXFileReference; lastKnownFileType = file; path = "Raleway-Thin.otf"; sourceTree = "<group>"; };
		89BB93291882138300D8D3BE /* rechargeLogo@2x.png */ = {isa = PBXFileReference; lastKnownFileType = image.png; path = "rechargeLogo@2x.png"; sourceTree = "<group>"; };
		89BB932B188214CD00D8D3BE /* introBackground@2x.jpg */ = {isa = PBXFileReference; lastKnownFileType = image.jpeg; path = "introBackground@2x.jpg"; sourceTree = "<group>"; };
		89BB932D188224F300D8D3BE /* MGHTimelineCell.h */ = {isa = PBXFileReference; fileEncoding = 4; lastKnownFileType = sourcecode.c.h; path = MGHTimelineCell.h; sourceTree = "<group>"; };
		89BB932E188224F300D8D3BE /* MGHTimelineCell.m */ = {isa = PBXFileReference; fileEncoding = 4; lastKnownFileType = sourcecode.c.objc; path = MGHTimelineCell.m; sourceTree = "<group>"; };
		89BB93301882275400D8D3BE /* MGHNextWorkoutCell.h */ = {isa = PBXFileReference; fileEncoding = 4; lastKnownFileType = sourcecode.c.h; path = MGHNextWorkoutCell.h; sourceTree = "<group>"; };
		89BB93311882275400D8D3BE /* MGHNextWorkoutCell.m */ = {isa = PBXFileReference; fileEncoding = 4; lastKnownFileType = sourcecode.c.objc; path = MGHNextWorkoutCell.m; sourceTree = "<group>"; };
		89BB93331882381100D8D3BE /* Raleway-Medium.otf */ = {isa = PBXFileReference; lastKnownFileType = file; path = "Raleway-Medium.otf"; sourceTree = "<group>"; };
		89BB93351882389800D8D3BE /* mainBackground@2x.jpg */ = {isa = PBXFileReference; lastKnownFileType = image.jpeg; path = "mainBackground@2x.jpg"; sourceTree = "<group>"; };
/* End PBXFileReference section */

/* Begin PBXFrameworksBuildPhase section */
		89BB92B61880DAEC00D8D3BE /* Frameworks */ = {
			isa = PBXFrameworksBuildPhase;
			buildActionMask = 2147483647;
			files = (
				89BB92FC1880DD7900D8D3BE /* SystemConfiguration.framework in Frameworks */,
				89BB92FA1880DD7000D8D3BE /* StoreKit.framework in Frameworks */,
				89BB92F81880DD6300D8D3BE /* Security.framework in Frameworks */,
				89BB92F61880DD5D00D8D3BE /* QuartzCore.framework in Frameworks */,
				89BB92F41880DD5700D8D3BE /* MobileCoreServices.framework in Frameworks */,
				89BB92F21880DD5200D8D3BE /* libz.1.1.3.dylib in Frameworks */,
				89BB93011880DE8A00D8D3BE /* Parse.framework in Frameworks */,
				89BB92F01880DD4B00D8D3BE /* CoreLocation.framework in Frameworks */,
				89BB92BF1880DAEC00D8D3BE /* CoreGraphics.framework in Frameworks */,
				89BB92EE1880DD3E00D8D3BE /* CFNetwork.framework in Frameworks */,
				89BB92EC1880DD3800D8D3BE /* AudioToolbox.framework in Frameworks */,
				89BB92C11880DAEC00D8D3BE /* UIKit.framework in Frameworks */,
				89BB92BD1880DAEC00D8D3BE /* Foundation.framework in Frameworks */,
			);
			runOnlyForDeploymentPostprocessing = 0;
		};
		89BB92D11880DAEC00D8D3BE /* Frameworks */ = {
			isa = PBXFrameworksBuildPhase;
			buildActionMask = 2147483647;
			files = (
				89BB92D61880DAEC00D8D3BE /* XCTest.framework in Frameworks */,
				89BB92D81880DAEC00D8D3BE /* UIKit.framework in Frameworks */,
				89BB92D71880DAEC00D8D3BE /* Foundation.framework in Frameworks */,
			);
			runOnlyForDeploymentPostprocessing = 0;
		};
/* End PBXFrameworksBuildPhase section */

/* Begin PBXGroup section */
		89BB92B01880DAEC00D8D3BE = {
			isa = PBXGroup;
			children = (
				89BB92FE1880DDB200D8D3BE /* Classes */,
				89BB92FF1880DDB700D8D3BE /* Resources */,
				89BB92DB1880DAEC00D8D3BE /* Tests */,
				89BB92FD1880DD9D00D8D3BE /* ExternalFrameworks */,
				89BB92BB1880DAEC00D8D3BE /* AppleFrameworks */,
				89BB92BA1880DAEC00D8D3BE /* Products */,
			);
			sourceTree = "<group>";
		};
		89BB92BA1880DAEC00D8D3BE /* Products */ = {
			isa = PBXGroup;
			children = (
				89BB92B91880DAEC00D8D3BE /* MegaHealth.app */,
				89BB92D41880DAEC00D8D3BE /* MegaHealthTests.xctest */,
			);
			name = Products;
			sourceTree = "<group>";
		};
		89BB92BB1880DAEC00D8D3BE /* AppleFrameworks */ = {
			isa = PBXGroup;
			children = (
				89BB92FB1880DD7900D8D3BE /* SystemConfiguration.framework */,
				89BB92F91880DD7000D8D3BE /* StoreKit.framework */,
				89BB92F71880DD6300D8D3BE /* Security.framework */,
				89BB92F51880DD5D00D8D3BE /* QuartzCore.framework */,
				89BB92F31880DD5700D8D3BE /* MobileCoreServices.framework */,
				89BB92F11880DD5200D8D3BE /* libz.1.1.3.dylib */,
				89BB92EF1880DD4B00D8D3BE /* CoreLocation.framework */,
				89BB92ED1880DD3E00D8D3BE /* CFNetwork.framework */,
				89BB92EB1880DD3800D8D3BE /* AudioToolbox.framework */,
				89BB92BC1880DAEC00D8D3BE /* Foundation.framework */,
				89BB92BE1880DAEC00D8D3BE /* CoreGraphics.framework */,
				89BB92C01880DAEC00D8D3BE /* UIKit.framework */,
				89BB92D51880DAEC00D8D3BE /* XCTest.framework */,
			);
			name = AppleFrameworks;
			sourceTree = "<group>";
		};
		89BB92DB1880DAEC00D8D3BE /* Tests */ = {
			isa = PBXGroup;
			children = (
				89BB92E11880DAEC00D8D3BE /* MegaHealthTests.m */,
				89BB92DC1880DAEC00D8D3BE /* Supporting Files */,
			);
			name = Tests;
			path = MegaHealthTests;
			sourceTree = "<group>";
		};
		89BB92DC1880DAEC00D8D3BE /* Supporting Files */ = {
			isa = PBXGroup;
			children = (
				89BB92DD1880DAEC00D8D3BE /* MegaHealthTests-Info.plist */,
				89BB92DE1880DAEC00D8D3BE /* InfoPlist.strings */,
			);
			name = "Supporting Files";
			sourceTree = "<group>";
		};
		89BB92FD1880DD9D00D8D3BE /* ExternalFrameworks */ = {
			isa = PBXGroup;
			children = (
				89BB93001880DE8A00D8D3BE /* Parse.framework */,
			);
			name = ExternalFrameworks;
			sourceTree = "<group>";
		};
		89BB92FE1880DDB200D8D3BE /* Classes */ = {
			isa = PBXGroup;
			children = (
				89BB93261881E82300D8D3BE /* External */,
				89BB93151880F0B200D8D3BE /* Objects */,
				89BB92CB1880DAEC00D8D3BE /* MGHAppDelegate.h */,
				89BB92CC1880DAEC00D8D3BE /* MGHAppDelegate.m */,
				89BB93031880EE1900D8D3BE /* MGHIntroViewController.h */,
				89BB93041880EE1900D8D3BE /* MGHIntroViewController.m */,
				89BB93081880EE3500D8D3BE /* MGHSettingsViewController.h */,
				89BB93091880EE3500D8D3BE /* MGHSettingsViewController.m */,
				89BB930D1880EE4600D8D3BE /* MGHWorkoutViewController.h */,
				89BB930E1880EE4600D8D3BE /* MGHWorkoutViewController.m */,
				89BB93121880EE9E00D8D3BE /* MGHTimelineViewController.h */,
				89BB93131880EE9E00D8D3BE /* MGHTimelineViewController.m */,
				89BB931D1881E0E000D8D3BE /* MGHDateFormatter.h */,
				89BB931E1881E0E000D8D3BE /* MGHDateFormatter.m */,
				89BB932D188224F300D8D3BE /* MGHTimelineCell.h */,
				89BB932E188224F300D8D3BE /* MGHTimelineCell.m */,
				89BB93301882275400D8D3BE /* MGHNextWorkoutCell.h */,
				89BB93311882275400D8D3BE /* MGHNextWorkoutCell.m */,
			);
			name = Classes;
			path = MegaHealth;
			sourceTree = "<group>";
		};
		89BB92FF1880DDB700D8D3BE /* Resources */ = {
			isa = PBXGroup;
			children = (
				89BB93351882389800D8D3BE /* mainBackground@2x.jpg */,
				89BB932B188214CD00D8D3BE /* introBackground@2x.jpg */,
				89BB93291882138300D8D3BE /* rechargeLogo@2x.png */,
				89BB93331882381100D8D3BE /* Raleway-Medium.otf */,
				89BB93271882137C00D8D3BE /* Raleway-Thin.otf */,
				89BB931C1880F5A500D8D3BE /* Defines.h */,
				89BB93021880EDCF00D8D3BE /* Nibs */,
				89BB92CE1880DAEC00D8D3BE /* Images.xcassets */,
				89BB92C41880DAEC00D8D3BE /* MegaHealth-Info.plist */,
				89BB92C51880DAEC00D8D3BE /* InfoPlist.strings */,
				89BB92C81880DAEC00D8D3BE /* main.m */,
				89BB92CA1880DAEC00D8D3BE /* MegaHealth-Prefix.pch */,
			);
			name = Resources;
			path = MegaHealth;
			sourceTree = "<group>";
		};
		89BB93021880EDCF00D8D3BE /* Nibs */ = {
			isa = PBXGroup;
			children = (
				89BB93051880EE1900D8D3BE /* MGHIntroViewController.xib */,
				89BB930A1880EE3500D8D3BE /* MGHSettingsViewController.xib */,
				89BB930F1880EE4600D8D3BE /* MGHWorkoutViewController.xib */,
			);
			name = Nibs;
			sourceTree = "<group>";
		};
		89BB93151880F0B200D8D3BE /* Objects */ = {
			isa = PBXGroup;
			children = (
				89BB93161880F10800D8D3BE /* MGHWorkout.h */,
				89BB93171880F10800D8D3BE /* MGHWorkout.m */,
				89BB93191880F11900D8D3BE /* MGHContent.h */,
				89BB931A1880F11900D8D3BE /* MGHContent.m */,
			);
			name = Objects;
			sourceTree = "<group>";
		};
		89BB93201881E81F00D8D3BE /* SORelativeDateTransformer */ = {
			isa = PBXGroup;
			children = (
				89BB93211881E81F00D8D3BE /* SORelativeDateTransformer.bundle */,
				89BB93221881E81F00D8D3BE /* SORelativeDateTransformer.h */,
				89BB93231881E81F00D8D3BE /* SORelativeDateTransformer.m */,
			);
			path = SORelativeDateTransformer;
			sourceTree = "<group>";
		};
		89BB93261881E82300D8D3BE /* External */ = {
			isa = PBXGroup;
			children = (
				89BB93201881E81F00D8D3BE /* SORelativeDateTransformer */,
			);
			name = External;
			sourceTree = "<group>";
		};
/* End PBXGroup section */

/* Begin PBXNativeTarget section */
		89BB92B81880DAEC00D8D3BE /* MegaHealth */ = {
			isa = PBXNativeTarget;
			buildConfigurationList = 89BB92E51880DAEC00D8D3BE /* Build configuration list for PBXNativeTarget "MegaHealth" */;
			buildPhases = (
				89BB92B51880DAEC00D8D3BE /* Sources */,
				89BB92B61880DAEC00D8D3BE /* Frameworks */,
				89BB92B71880DAEC00D8D3BE /* Resources */,
			);
			buildRules = (
			);
			dependencies = (
			);
			name = MegaHealth;
			productName = MegaHealth;
			productReference = 89BB92B91880DAEC00D8D3BE /* MegaHealth.app */;
			productType = "com.apple.product-type.application";
		};
		89BB92D31880DAEC00D8D3BE /* MegaHealthTests */ = {
			isa = PBXNativeTarget;
			buildConfigurationList = 89BB92E81880DAEC00D8D3BE /* Build configuration list for PBXNativeTarget "MegaHealthTests" */;
			buildPhases = (
				89BB92D01880DAEC00D8D3BE /* Sources */,
				89BB92D11880DAEC00D8D3BE /* Frameworks */,
				89BB92D21880DAEC00D8D3BE /* Resources */,
			);
			buildRules = (
			);
			dependencies = (
				89BB92DA1880DAEC00D8D3BE /* PBXTargetDependency */,
			);
			name = MegaHealthTests;
			productName = MegaHealthTests;
			productReference = 89BB92D41880DAEC00D8D3BE /* MegaHealthTests.xctest */;
			productType = "com.apple.product-type.bundle.unit-test";
		};
/* End PBXNativeTarget section */

/* Begin PBXProject section */
		89BB92B11880DAEC00D8D3BE /* Project object */ = {
			isa = PBXProject;
			attributes = {
				CLASSPREFIX = MGH;
				LastUpgradeCheck = 0500;
				ORGANIZATIONNAME = MegaHealth;
				TargetAttributes = {
					89BB92D31880DAEC00D8D3BE = {
						TestTargetID = 89BB92B81880DAEC00D8D3BE;
					};
				};
			};
			buildConfigurationList = 89BB92B41880DAEC00D8D3BE /* Build configuration list for PBXProject "MegaHealth" */;
			compatibilityVersion = "Xcode 3.2";
			developmentRegion = English;
			hasScannedForEncodings = 0;
			knownRegions = (
				en,
			);
			mainGroup = 89BB92B01880DAEC00D8D3BE;
			productRefGroup = 89BB92BA1880DAEC00D8D3BE /* Products */;
			projectDirPath = "";
			projectRoot = "";
			targets = (
				89BB92B81880DAEC00D8D3BE /* MegaHealth */,
				89BB92D31880DAEC00D8D3BE /* MegaHealthTests */,
			);
		};
/* End PBXProject section */

/* Begin PBXResourcesBuildPhase section */
		89BB92B71880DAEC00D8D3BE /* Resources */ = {
			isa = PBXResourcesBuildPhase;
			buildActionMask = 2147483647;
			files = (
				89BB93361882389800D8D3BE /* mainBackground@2x.jpg in Resources */,
				89BB92C71880DAEC00D8D3BE /* InfoPlist.strings in Resources */,
				89BB93111880EE4600D8D3BE /* MGHWorkoutViewController.xib in Resources */,
				89BB93341882381100D8D3BE /* Raleway-Medium.otf in Resources */,
				89BB932A1882138300D8D3BE /* rechargeLogo@2x.png in Resources */,
				89BB93281882137C00D8D3BE /* Raleway-Thin.otf in Resources */,
				89BB92CF1880DAEC00D8D3BE /* Images.xcassets in Resources */,
				89BB932C188214CD00D8D3BE /* introBackground@2x.jpg in Resources */,
				89BB930C1880EE3500D8D3BE /* MGHSettingsViewController.xib in Resources */,
				89BB93241881E81F00D8D3BE /* SORelativeDateTransformer.bundle in Resources */,
				89BB93071880EE1900D8D3BE /* MGHIntroViewController.xib in Resources */,
			);
			runOnlyForDeploymentPostprocessing = 0;
		};
		89BB92D21880DAEC00D8D3BE /* Resources */ = {
			isa = PBXResourcesBuildPhase;
			buildActionMask = 2147483647;
			files = (
				89BB92E01880DAEC00D8D3BE /* InfoPlist.strings in Resources */,
			);
			runOnlyForDeploymentPostprocessing = 0;
		};
/* End PBXResourcesBuildPhase section */

/* Begin PBXSourcesBuildPhase section */
		89BB92B51880DAEC00D8D3BE /* Sources */ = {
			isa = PBXSourcesBuildPhase;
			buildActionMask = 2147483647;
			files = (
				89BB93141880EE9E00D8D3BE /* MGHTimelineViewController.m in Sources */,
				89BB93321882275400D8D3BE /* MGHNextWorkoutCell.m in Sources */,
				89BB93251881E81F00D8D3BE /* SORelativeDateTransformer.m in Sources */,
				89BB93061880EE1900D8D3BE /* MGHIntroViewController.m in Sources */,
				89BB931F1881E0E000D8D3BE /* MGHDateFormatter.m in Sources */,
				89BB92C91880DAEC00D8D3BE /* main.m in Sources */,
				89BB930B1880EE3500D8D3BE /* MGHSettingsViewController.m in Sources */,
				89BB932F188224F300D8D3BE /* MGHTimelineCell.m in Sources */,
				89BB92CD1880DAEC00D8D3BE /* MGHAppDelegate.m in Sources */,
				89BB93101880EE4600D8D3BE /* MGHWorkoutViewController.m in Sources */,
				89BB931B1880F11900D8D3BE /* MGHContent.m in Sources */,
				89BB93181880F10800D8D3BE /* MGHWorkout.m in Sources */,
			);
			runOnlyForDeploymentPostprocessing = 0;
		};
		89BB92D01880DAEC00D8D3BE /* Sources */ = {
			isa = PBXSourcesBuildPhase;
			buildActionMask = 2147483647;
			files = (
				89BB92E21880DAEC00D8D3BE /* MegaHealthTests.m in Sources */,
			);
			runOnlyForDeploymentPostprocessing = 0;
		};
/* End PBXSourcesBuildPhase section */

/* Begin PBXTargetDependency section */
		89BB92DA1880DAEC00D8D3BE /* PBXTargetDependency */ = {
			isa = PBXTargetDependency;
			target = 89BB92B81880DAEC00D8D3BE /* MegaHealth */;
			targetProxy = 89BB92D91880DAEC00D8D3BE /* PBXContainerItemProxy */;
		};
/* End PBXTargetDependency section */

/* Begin PBXVariantGroup section */
		89BB92C51880DAEC00D8D3BE /* InfoPlist.strings */ = {
			isa = PBXVariantGroup;
			children = (
				89BB92C61880DAEC00D8D3BE /* en */,
			);
			name = InfoPlist.strings;
			sourceTree = "<group>";
		};
		89BB92DE1880DAEC00D8D3BE /* InfoPlist.strings */ = {
			isa = PBXVariantGroup;
			children = (
				89BB92DF1880DAEC00D8D3BE /* en */,
			);
			name = InfoPlist.strings;
			path = MegaHealthTests;
			sourceTree = SOURCE_ROOT;
		};
/* End PBXVariantGroup section */

/* Begin XCBuildConfiguration section */
		89BB92E31880DAEC00D8D3BE /* Debug */ = {
			isa = XCBuildConfiguration;
			buildSettings = {
				ALWAYS_SEARCH_USER_PATHS = NO;
				ARCHS = "$(ARCHS_STANDARD_INCLUDING_64_BIT)";
				CLANG_CXX_LANGUAGE_STANDARD = "gnu++0x";
				CLANG_CXX_LIBRARY = "libc++";
				CLANG_ENABLE_MODULES = YES;
				CLANG_ENABLE_OBJC_ARC = YES;
				CLANG_WARN_BOOL_CONVERSION = YES;
				CLANG_WARN_CONSTANT_CONVERSION = YES;
				CLANG_WARN_DIRECT_OBJC_ISA_USAGE = YES_ERROR;
				CLANG_WARN_EMPTY_BODY = YES;
				CLANG_WARN_ENUM_CONVERSION = YES;
				CLANG_WARN_INT_CONVERSION = YES;
				CLANG_WARN_OBJC_ROOT_CLASS = YES_ERROR;
				CLANG_WARN__DUPLICATE_METHOD_MATCH = YES;
				"CODE_SIGN_IDENTITY[sdk=iphoneos*]" = "iPhone Developer";
				COPY_PHASE_STRIP = NO;
				GCC_C_LANGUAGE_STANDARD = gnu99;
				GCC_DYNAMIC_NO_PIC = NO;
				GCC_OPTIMIZATION_LEVEL = 0;
				GCC_PREPROCESSOR_DEFINITIONS = (
					"DEBUG=1",
					"$(inherited)",
				);
				GCC_SYMBOLS_PRIVATE_EXTERN = NO;
				GCC_WARN_64_TO_32_BIT_CONVERSION = YES;
				GCC_WARN_ABOUT_RETURN_TYPE = YES_ERROR;
				GCC_WARN_UNDECLARED_SELECTOR = YES;
				GCC_WARN_UNINITIALIZED_AUTOS = YES;
				GCC_WARN_UNUSED_FUNCTION = YES;
				GCC_WARN_UNUSED_VARIABLE = YES;
				IPHONEOS_DEPLOYMENT_TARGET = 7.0;
				ONLY_ACTIVE_ARCH = YES;
				SDKROOT = iphoneos;
			};
			name = Debug;
		};
		89BB92E41880DAEC00D8D3BE /* Release */ = {
			isa = XCBuildConfiguration;
			buildSettings = {
				ALWAYS_SEARCH_USER_PATHS = NO;
				ARCHS = "$(ARCHS_STANDARD_INCLUDING_64_BIT)";
				CLANG_CXX_LANGUAGE_STANDARD = "gnu++0x";
				CLANG_CXX_LIBRARY = "libc++";
				CLANG_ENABLE_MODULES = YES;
				CLANG_ENABLE_OBJC_ARC = YES;
				CLANG_WARN_BOOL_CONVERSION = YES;
				CLANG_WARN_CONSTANT_CONVERSION = YES;
				CLANG_WARN_DIRECT_OBJC_ISA_USAGE = YES_ERROR;
				CLANG_WARN_EMPTY_BODY = YES;
				CLANG_WARN_ENUM_CONVERSION = YES;
				CLANG_WARN_INT_CONVERSION = YES;
				CLANG_WARN_OBJC_ROOT_CLASS = YES_ERROR;
				CLANG_WARN__DUPLICATE_METHOD_MATCH = YES;
				"CODE_SIGN_IDENTITY[sdk=iphoneos*]" = "iPhone Developer";
				COPY_PHASE_STRIP = YES;
				ENABLE_NS_ASSERTIONS = NO;
				GCC_C_LANGUAGE_STANDARD = gnu99;
				GCC_WARN_64_TO_32_BIT_CONVERSION = YES;
				GCC_WARN_ABOUT_RETURN_TYPE = YES_ERROR;
				GCC_WARN_UNDECLARED_SELECTOR = YES;
				GCC_WARN_UNINITIALIZED_AUTOS = YES;
				GCC_WARN_UNUSED_FUNCTION = YES;
				GCC_WARN_UNUSED_VARIABLE = YES;
				IPHONEOS_DEPLOYMENT_TARGET = 7.0;
				SDKROOT = iphoneos;
				VALIDATE_PRODUCT = YES;
			};
			name = Release;
		};
		89BB92E61880DAEC00D8D3BE /* Debug */ = {
			isa = XCBuildConfiguration;
			buildSettings = {
				ASSETCATALOG_COMPILER_APPICON_NAME = AppIcon;
				ASSETCATALOG_COMPILER_LAUNCHIMAGE_NAME = LaunchImage;
				FRAMEWORK_SEARCH_PATHS = (
					"$(inherited)",
					"/Users/zacaltman/Dropbox/MEGAHEALTH/megahealth/MegaHealth/External\\ Frameworks",
				);
				GCC_PRECOMPILE_PREFIX_HEADER = YES;
				GCC_PREFIX_HEADER = "MegaHealth/MegaHealth-Prefix.pch";
				INFOPLIST_FILE = "MegaHealth/MegaHealth-Info.plist";
				PRODUCT_NAME = "$(TARGET_NAME)";
				WRAPPER_EXTENSION = app;
			};
			name = Debug;
		};
		89BB92E71880DAEC00D8D3BE /* Release */ = {
			isa = XCBuildConfiguration;
			buildSettings = {
				ASSETCATALOG_COMPILER_APPICON_NAME = AppIcon;
				ASSETCATALOG_COMPILER_LAUNCHIMAGE_NAME = LaunchImage;
				FRAMEWORK_SEARCH_PATHS = (
					"$(inherited)",
					"/Users/zacaltman/Dropbox/MEGAHEALTH/megahealth/MegaHealth/External\\ Frameworks",
				);
				GCC_PRECOMPILE_PREFIX_HEADER = YES;
				GCC_PREFIX_HEADER = "MegaHealth/MegaHealth-Prefix.pch";
				INFOPLIST_FILE = "MegaHealth/MegaHealth-Info.plist";
				PRODUCT_NAME = "$(TARGET_NAME)";
				WRAPPER_EXTENSION = app;
			};
			name = Release;
		};
		89BB92E91880DAEC00D8D3BE /* Debug */ = {
			isa = XCBuildConfiguration;
			buildSettings = {
				ARCHS = "$(ARCHS_STANDARD_INCLUDING_64_BIT)";
				BUNDLE_LOADER = "$(BUILT_PRODUCTS_DIR)/MegaHealth.app/MegaHealth";
				FRAMEWORK_SEARCH_PATHS = (
					"$(SDKROOT)/Developer/Library/Frameworks",
					"$(inherited)",
					"$(DEVELOPER_FRAMEWORKS_DIR)",
				);
				GCC_PRECOMPILE_PREFIX_HEADER = YES;
				GCC_PREFIX_HEADER = "MegaHealth/MegaHealth-Prefix.pch";
				GCC_PREPROCESSOR_DEFINITIONS = (
					"DEBUG=1",
					"$(inherited)",
				);
				INFOPLIST_FILE = "MegaHealthTests/MegaHealthTests-Info.plist";
				PRODUCT_NAME = "$(TARGET_NAME)";
				TEST_HOST = "$(BUNDLE_LOADER)";
				WRAPPER_EXTENSION = xctest;
			};
			name = Debug;
		};
		89BB92EA1880DAEC00D8D3BE /* Release */ = {
			isa = XCBuildConfiguration;
			buildSettings = {
				ARCHS = "$(ARCHS_STANDARD_INCLUDING_64_BIT)";
				BUNDLE_LOADER = "$(BUILT_PRODUCTS_DIR)/MegaHealth.app/MegaHealth";
				FRAMEWORK_SEARCH_PATHS = (
					"$(SDKROOT)/Developer/Library/Frameworks",
					"$(inherited)",
					"$(DEVELOPER_FRAMEWORKS_DIR)",
				);
				GCC_PRECOMPILE_PREFIX_HEADER = YES;
				GCC_PREFIX_HEADER = "MegaHealth/MegaHealth-Prefix.pch";
				INFOPLIST_FILE = "MegaHealthTests/MegaHealthTests-Info.plist";
				PRODUCT_NAME = "$(TARGET_NAME)";
				TEST_HOST = "$(BUNDLE_LOADER)";
				WRAPPER_EXTENSION = xctest;
			};
			name = Release;
		};
/* End XCBuildConfiguration section */

/* Begin XCConfigurationList section */
		89BB92B41880DAEC00D8D3BE /* Build configuration list for PBXProject "MegaHealth" */ = {
			isa = XCConfigurationList;
			buildConfigurations = (
				89BB92E31880DAEC00D8D3BE /* Debug */,
				89BB92E41880DAEC00D8D3BE /* Release */,
			);
			defaultConfigurationIsVisible = 0;
			defaultConfigurationName = Release;
		};
		89BB92E51880DAEC00D8D3BE /* Build configuration list for PBXNativeTarget "MegaHealth" */ = {
			isa = XCConfigurationList;
			buildConfigurations = (
				89BB92E61880DAEC00D8D3BE /* Debug */,
				89BB92E71880DAEC00D8D3BE /* Release */,
			);
			defaultConfigurationIsVisible = 0;
		};
		89BB92E81880DAEC00D8D3BE /* Build configuration list for PBXNativeTarget "MegaHealthTests" */ = {
			isa = XCConfigurationList;
			buildConfigurations = (
				89BB92E91880DAEC00D8D3BE /* Debug */,
				89BB92EA1880DAEC00D8D3BE /* Release */,
			);
			defaultConfigurationIsVisible = 0;
		};
/* End XCConfigurationList section */
	};
	rootObject = 89BB92B11880DAEC00D8D3BE /* Project object */;
}
