// !$*UTF8*$!
{
	archiveVersion = 1;
	classes = {
	};
	objectVersion = 46;
	objects = {

/* Begin PBXBuildFile section */
		89BB92BD1880DAEC00D8D3BE /* Foundation.framework in Frameworks */ = {isa = PBXBuildFile; fileRef = 89BB92BC1880DAEC00D8D3BE /* Foundation.framework */; };
		89BB92BF1880DAEC00D8D3BE /* CoreGraphics.framework in Frameworks */ = {isa = PBXBuildFile; fileRef = 89BB92BE1880DAEC00D8D3BE /* CoreGraphics.framework */; };
		89BB92C11880DAEC00D8D3BE /* UIKit.framework in Frameworks */ = {isa = PBXBuildFile; fileRef = 89BB92C01880DAEC00D8D3BE /* UIKit.framework */; };
		89BB92C71880DAEC00D8D3BE /* InfoPlist.strings in Resources */ = {isa = PBXBuildFile; fileRef = 89BB92C51880DAEC00D8D3BE /* InfoPlist.strings */; };
		89BB92C91880DAEC00D8D3BE /* main.m in Sources */ = {isa = PBXBuildFile; fileRef = 89BB92C81880DAEC00D8D3BE /* main.m */; };
		89BB92CD1880DAEC00D8D3BE /* MGHAppDelegate.m in Sources */ = {isa = PBXBuildFile; fileRef = 89BB92CC1880DAEC00D8D3BE /* MGHAppDelegate.m */; };
		89BB92CF1880DAEC00D8D3BE /* Images.xcassets in Resources */ = {isa = PBXBuildFile; fileRef = 89BB92CE1880DAEC00D8D3BE /* Images.xcassets */; };
		89BB92D61880DAEC00D8D3BE /* XCTest.framework in Frameworks */ = {isa = PBXBuildFile; fileRef = 89BB92D51880DAEC00D8D3BE /* XCTest.framework */; };
		89BB92D71880DAEC00D8D3BE /* Foundation.framework in Frameworks */ = {isa = PBXBuildFile; fileRef = 89BB92BC1880DAEC00D8D3BE /* Foundation.framework */; };
		89BB92D81880DAEC00D8D3BE /* UIKit.framework in Frameworks */ = {isa = PBXBuildFile; fileRef = 89BB92C01880DAEC00D8D3BE /* UIKit.framework */; };
		89BB92E01880DAEC00D8D3BE /* InfoPlist.strings in Resources */ = {isa = PBXBuildFile; fileRef = 89BB92DE1880DAEC00D8D3BE /* InfoPlist.strings */; };
		89BB92E21880DAEC00D8D3BE /* MegaHealthTests.m in Sources */ = {isa = PBXBuildFile; fileRef = 89BB92E11880DAEC00D8D3BE /* MegaHealthTests.m */; };
/* End PBXBuildFile section */

/* Begin PBXContainerItemProxy section */
		89BB92D91880DAEC00D8D3BE /* PBXContainerItemProxy */ = {
			isa = PBXContainerItemProxy;
			containerPortal = 89BB92B11880DAEC00D8D3BE /* Project object */;
			proxyType = 1;
			remoteGlobalIDString = 89BB92B81880DAEC00D8D3BE;
			remoteInfo = MegaHealth;
		};
/* End PBXContainerItemProxy section */

/* Begin PBXFileReference section */
		89BB92B91880DAEC00D8D3BE /* MegaHealth.app */ = {isa = PBXFileReference; explicitFileType = wrapper.application; includeInIndex = 0; path = MegaHealth.app; sourceTree = BUILT_PRODUCTS_DIR; };
		89BB92BC1880DAEC00D8D3BE /* Foundation.framework */ = {isa = PBXFileReference; lastKnownFileType = wrapper.framework; name = Foundation.framework; path = System/Library/Frameworks/Foundation.framework; sourceTree = SDKROOT; };
		89BB92BE1880DAEC00D8D3BE /* CoreGraphics.framework */ = {isa = PBXFileReference; lastKnownFileType = wrapper.framework; name = CoreGraphics.framework; path = System/Library/Frameworks/CoreGraphics.framework; sourceTree = SDKROOT; };
		89BB92C01880DAEC00D8D3BE /* UIKit.framework */ = {isa = PBXFileReference; lastKnownFileType = wrapper.framework; name = UIKit.framework; path = System/Library/Frameworks/UIKit.framework; sourceTree = SDKROOT; };
		89BB92C41880DAEC00D8D3BE /* MegaHealth-Info.plist */ = {isa = PBXFileReference; lastKnownFileType = text.plist.xml; path = "MegaHealth-Info.plist"; sourceTree = "<group>"; };
		89BB92C61880DAEC00D8D3BE /* en */ = {isa = PBXFileReference; lastKnownFileType = text.plist.strings; name = en; path = en.lproj/InfoPlist.strings; sourceTree = "<group>"; };
		89BB92C81880DAEC00D8D3BE /* main.m */ = {isa = PBXFileReference; lastKnownFileType = sourcecode.c.objc; path = main.m; sourceTree = "<group>"; };
		89BB92CA1880DAEC00D8D3BE /* MegaHealth-Prefix.pch */ = {isa = PBXFileReference; lastKnownFileType = sourcecode.c.h; path = "MegaHealth-Prefix.pch"; sourceTree = "<group>"; };
		89BB92CB1880DAEC00D8D3BE /* MGHAppDelegate.h */ = {isa = PBXFileReference; lastKnownFileType = sourcecode.c.h; path = MGHAppDelegate.h; sourceTree = "<group>"; };
		89BB92CC1880DAEC00D8D3BE /* MGHAppDelegate.m */ = {isa = PBXFileReference; lastKnownFileType = sourcecode.c.objc; path = MGHAppDelegate.m; sourceTree = "<group>"; };
		89BB92CE1880DAEC00D8D3BE /* Images.xcassets */ = {isa = PBXFileReference; lastKnownFileType = folder.assetcatalog; path = Images.xcassets; sourceTree = "<group>"; };
		89BB92D41880DAEC00D8D3BE /* MegaHealthTests.xctest */ = {isa = PBXFileReference; explicitFileType = wrapper.cfbundle; includeInIndex = 0; path = MegaHealthTests.xctest; sourceTree = BUILT_PRODUCTS_DIR; };
		89BB92D51880DAEC00D8D3BE /* XCTest.framework */ = {isa = PBXFileReference; lastKnownFileType = wrapper.framework; name = XCTest.framework; path = Library/Frameworks/XCTest.framework; sourceTree = DEVELOPER_DIR; };
		89BB92DD1880DAEC00D8D3BE /* MegaHealthTests-Info.plist */ = {isa = PBXFileReference; lastKnownFileType = text.plist.xml; path = "MegaHealthTests-Info.plist"; sourceTree = "<group>"; };
		89BB92DF1880DAEC00D8D3BE /* en */ = {isa = PBXFileReference; lastKnownFileType = text.plist.strings; name = en; path = en.lproj/InfoPlist.strings; sourceTree = "<group>"; };
		89BB92E11880DAEC00D8D3BE /* MegaHealthTests.m */ = {isa = PBXFileReference; lastKnownFileType = sourcecode.c.objc; path = MegaHealthTests.m; sourceTree = "<group>"; };
/* End PBXFileReference section */

/* Begin PBXFrameworksBuildPhase section */
		89BB92B61880DAEC00D8D3BE /* Frameworks */ = {
			isa = PBXFrameworksBuildPhase;
			buildActionMask = 2147483647;
			files = (
				89BB92BF1880DAEC00D8D3BE /* CoreGraphics.framework in Frameworks */,
				89BB92C11880DAEC00D8D3BE /* UIKit.framework in Frameworks */,
				89BB92BD1880DAEC00D8D3BE /* Foundation.framework in Frameworks */,
			);
			runOnlyForDeploymentPostprocessing = 0;
		};
		89BB92D11880DAEC00D8D3BE /* Frameworks */ = {
			isa = PBXFrameworksBuildPhase;
			buildActionMask = 2147483647;
			files = (
				89BB92D61880DAEC00D8D3BE /* XCTest.framework in Frameworks */,
				89BB92D81880DAEC00D8D3BE /* UIKit.framework in Frameworks */,
				89BB92D71880DAEC00D8D3BE /* Foundation.framework in Frameworks */,
			);
			runOnlyForDeploymentPostprocessing = 0;
		};
/* End PBXFrameworksBuildPhase section */

/* Begin PBXGroup section */
		89BB92B01880DAEC00D8D3BE = {
			isa = PBXGroup;
			children = (
				89BB92C21880DAEC00D8D3BE /* MegaHealth */,
				89BB92DB1880DAEC00D8D3BE /* MegaHealthTests */,
				89BB92BB1880DAEC00D8D3BE /* Frameworks */,
				89BB92BA1880DAEC00D8D3BE /* Products */,
			);
			sourceTree = "<group>";
		};
		89BB92BA1880DAEC00D8D3BE /* Products */ = {
			isa = PBXGroup;
			children = (
				89BB92B91880DAEC00D8D3BE /* MegaHealth.app */,
				89BB92D41880DAEC00D8D3BE /* MegaHealthTests.xctest */,
			);
			name = Products;
			sourceTree = "<group>";
		};
		89BB92BB1880DAEC00D8D3BE /* Frameworks */ = {
			isa = PBXGroup;
			children = (
				89BB92BC1880DAEC00D8D3BE /* Foundation.framework */,
				89BB92BE1880DAEC00D8D3BE /* CoreGraphics.framework */,
				89BB92C01880DAEC00D8D3BE /* UIKit.framework */,
				89BB92D51880DAEC00D8D3BE /* XCTest.framework */,
			);
			name = Frameworks;
			sourceTree = "<group>";
		};
		89BB92C21880DAEC00D8D3BE /* MegaHealth */ = {
			isa = PBXGroup;
			children = (
				89BB92CB1880DAEC00D8D3BE /* MGHAppDelegate.h */,
				89BB92CC1880DAEC00D8D3BE /* MGHAppDelegate.m */,
				89BB92CE1880DAEC00D8D3BE /* Images.xcassets */,
				89BB92C31880DAEC00D8D3BE /* Supporting Files */,
			);
			path = MegaHealth;
			sourceTree = "<group>";
		};
		89BB92C31880DAEC00D8D3BE /* Supporting Files */ = {
			isa = PBXGroup;
			children = (
				89BB92C41880DAEC00D8D3BE /* MegaHealth-Info.plist */,
				89BB92C51880DAEC00D8D3BE /* InfoPlist.strings */,
				89BB92C81880DAEC00D8D3BE /* main.m */,
				89BB92CA1880DAEC00D8D3BE /* MegaHealth-Prefix.pch */,
			);
			name = "Supporting Files";
			sourceTree = "<group>";
		};
		89BB92DB1880DAEC00D8D3BE /* MegaHealthTests */ = {
			isa = PBXGroup;
			children = (
				89BB92E11880DAEC00D8D3BE /* MegaHealthTests.m */,
				89BB92DC1880DAEC00D8D3BE /* Supporting Files */,
			);
			path = MegaHealthTests;
			sourceTree = "<group>";
		};
		89BB92DC1880DAEC00D8D3BE /* Supporting Files */ = {
			isa = PBXGroup;
			children = (
				89BB92DD1880DAEC00D8D3BE /* MegaHealthTests-Info.plist */,
				89BB92DE1880DAEC00D8D3BE /* InfoPlist.strings */,
			);
			name = "Supporting Files";
			sourceTree = "<group>";
		};
/* End PBXGroup section */

/* Begin PBXNativeTarget section */
		89BB92B81880DAEC00D8D3BE /* MegaHealth */ = {
			isa = PBXNativeTarget;
			buildConfigurationList = 89BB92E51880DAEC00D8D3BE /* Build configuration list for PBXNativeTarget "MegaHealth" */;
			buildPhases = (
				89BB92B51880DAEC00D8D3BE /* Sources */,
				89BB92B61880DAEC00D8D3BE /* Frameworks */,
				89BB92B71880DAEC00D8D3BE /* Resources */,
			);
			buildRules = (
			);
			dependencies = (
			);
			name = MegaHealth;
			productName = MegaHealth;
			productReference = 89BB92B91880DAEC00D8D3BE /* MegaHealth.app */;
			productType = "com.apple.product-type.application";
		};
		89BB92D31880DAEC00D8D3BE /* MegaHealthTests */ = {
			isa = PBXNativeTarget;
			buildConfigurationList = 89BB92E81880DAEC00D8D3BE /* Build configuration list for PBXNativeTarget "MegaHealthTests" */;
			buildPhases = (
				89BB92D01880DAEC00D8D3BE /* Sources */,
				89BB92D11880DAEC00D8D3BE /* Frameworks */,
				89BB92D21880DAEC00D8D3BE /* Resources */,
			);
			buildRules = (
			);
			dependencies = (
				89BB92DA1880DAEC00D8D3BE /* PBXTargetDependency */,
			);
			name = MegaHealthTests;
			productName = MegaHealthTests;
			productReference = 89BB92D41880DAEC00D8D3BE /* MegaHealthTests.xctest */;
			productType = "com.apple.product-type.bundle.unit-test";
		};
/* End PBXNativeTarget section */

/* Begin PBXProject section */
		89BB92B11880DAEC00D8D3BE /* Project object */ = {
			isa = PBXProject;
			attributes = {
				CLASSPREFIX = MGH;
				LastUpgradeCheck = 0500;
				ORGANIZATIONNAME = MegaHealth;
				TargetAttributes = {
					89BB92D31880DAEC00D8D3BE = {
						TestTargetID = 89BB92B81880DAEC00D8D3BE;
					};
				};
			};
			buildConfigurationList = 89BB92B41880DAEC00D8D3BE /* Build configuration list for PBXProject "MegaHealth" */;
			compatibilityVersion = "Xcode 3.2";
			developmentRegion = English;
			hasScannedForEncodings = 0;
			knownRegions = (
				en,
			);
			mainGroup = 89BB92B01880DAEC00D8D3BE;
			productRefGroup = 89BB92BA1880DAEC00D8D3BE /* Products */;
			projectDirPath = "";
			projectRoot = "";
			targets = (
				89BB92B81880DAEC00D8D3BE /* MegaHealth */,
				89BB92D31880DAEC00D8D3BE /* MegaHealthTests */,
			);
		};
/* End PBXProject section */

/* Begin PBXResourcesBuildPhase section */
		89BB92B71880DAEC00D8D3BE /* Resources */ = {
			isa = PBXResourcesBuildPhase;
			buildActionMask = 2147483647;
			files = (
				89BB92C71880DAEC00D8D3BE /* InfoPlist.strings in Resources */,
				89BB92CF1880DAEC00D8D3BE /* Images.xcassets in Resources */,
			);
			runOnlyForDeploymentPostprocessing = 0;
		};
		89BB92D21880DAEC00D8D3BE /* Resources */ = {
			isa = PBXResourcesBuildPhase;
			buildActionMask = 2147483647;
			files = (
				89BB92E01880DAEC00D8D3BE /* InfoPlist.strings in Resources */,
			);
			runOnlyForDeploymentPostprocessing = 0;
		};
/* End PBXResourcesBuildPhase section */

/* Begin PBXSourcesBuildPhase section */
		89BB92B51880DAEC00D8D3BE /* Sources */ = {
			isa = PBXSourcesBuildPhase;
			buildActionMask = 2147483647;
			files = (
				89BB92C91880DAEC00D8D3BE /* main.m in Sources */,
				89BB92CD1880DAEC00D8D3BE /* MGHAppDelegate.m in Sources */,
			);
			runOnlyForDeploymentPostprocessing = 0;
		};
		89BB92D01880DAEC00D8D3BE /* Sources */ = {
			isa = PBXSourcesBuildPhase;
			buildActionMask = 2147483647;
			files = (
				89BB92E21880DAEC00D8D3BE /* MegaHealthTests.m in Sources */,
			);
			runOnlyForDeploymentPostprocessing = 0;
		};
/* End PBXSourcesBuildPhase section */

/* Begin PBXTargetDependency section */
		89BB92DA1880DAEC00D8D3BE /* PBXTargetDependency */ = {
			isa = PBXTargetDependency;
			target = 89BB92B81880DAEC00D8D3BE /* MegaHealth */;
			targetProxy = 89BB92D91880DAEC00D8D3BE /* PBXContainerItemProxy */;
		};
/* End PBXTargetDependency section */

/* Begin PBXVariantGroup section */
		89BB92C51880DAEC00D8D3BE /* InfoPlist.strings */ = {
			isa = PBXVariantGroup;
			children = (
				89BB92C61880DAEC00D8D3BE /* en */,
			);
			name = InfoPlist.strings;
			sourceTree = "<group>";
		};
		89BB92DE1880DAEC00D8D3BE /* InfoPlist.strings */ = {
			isa = PBXVariantGroup;
			children = (
				89BB92DF1880DAEC00D8D3BE /* en */,
			);
			name = InfoPlist.strings;
			sourceTree = "<group>";
		};
/* End PBXVariantGroup section */

/* Begin XCBuildConfiguration section */
		89BB92E31880DAEC00D8D3BE /* Debug */ = {
			isa = XCBuildConfiguration;
			buildSettings = {
				ALWAYS_SEARCH_USER_PATHS = NO;
				ARCHS = "$(ARCHS_STANDARD_INCLUDING_64_BIT)";
				CLANG_CXX_LANGUAGE_STANDARD = "gnu++0x";
				CLANG_CXX_LIBRARY = "libc++";
				CLANG_ENABLE_MODULES = YES;
				CLANG_ENABLE_OBJC_ARC = YES;
				CLANG_WARN_BOOL_CONVERSION = YES;
				CLANG_WARN_CONSTANT_CONVERSION = YES;
				CLANG_WARN_DIRECT_OBJC_ISA_USAGE = YES_ERROR;
				CLANG_WARN_EMPTY_BODY = YES;
				CLANG_WARN_ENUM_CONVERSION = YES;
				CLANG_WARN_INT_CONVERSION = YES;
				CLANG_WARN_OBJC_ROOT_CLASS = YES_ERROR;
				CLANG_WARN__DUPLICATE_METHOD_MATCH = YES;
				"CODE_SIGN_IDENTITY[sdk=iphoneos*]" = "iPhone Developer";
				COPY_PHASE_STRIP = NO;
				GCC_C_LANGUAGE_STANDARD = gnu99;
				GCC_DYNAMIC_NO_PIC = NO;
				GCC_OPTIMIZATION_LEVEL = 0;
				GCC_PREPROCESSOR_DEFINITIONS = (
					"DEBUG=1",
					"$(inherited)",
				);
				GCC_SYMBOLS_PRIVATE_EXTERN = NO;
				GCC_WARN_64_TO_32_BIT_CONVERSION = YES;
				GCC_WARN_ABOUT_RETURN_TYPE = YES_ERROR;
				GCC_WARN_UNDECLARED_SELECTOR = YES;
				GCC_WARN_UNINITIALIZED_AUTOS = YES;
				GCC_WARN_UNUSED_FUNCTION = YES;
				GCC_WARN_UNUSED_VARIABLE = YES;
				IPHONEOS_DEPLOYMENT_TARGET = 7.0;
				ONLY_ACTIVE_ARCH = YES;
				SDKROOT = iphoneos;
			};
			name = Debug;
		};
		89BB92E41880DAEC00D8D3BE /* Release */ = {
			isa = XCBuildConfiguration;
			buildSettings = {
				ALWAYS_SEARCH_USER_PATHS = NO;
				ARCHS = "$(ARCHS_STANDARD_INCLUDING_64_BIT)";
				CLANG_CXX_LANGUAGE_STANDARD = "gnu++0x";
				CLANG_CXX_LIBRARY = "libc++";
				CLANG_ENABLE_MODULES = YES;
				CLANG_ENABLE_OBJC_ARC = YES;
				CLANG_WARN_BOOL_CONVERSION = YES;
				CLANG_WARN_CONSTANT_CONVERSION = YES;
				CLANG_WARN_DIRECT_OBJC_ISA_USAGE = YES_ERROR;
				CLANG_WARN_EMPTY_BODY = YES;
				CLANG_WARN_ENUM_CONVERSION = YES;
				CLANG_WARN_INT_CONVERSION = YES;
				CLANG_WARN_OBJC_ROOT_CLASS = YES_ERROR;
				CLANG_WARN__DUPLICATE_METHOD_MATCH = YES;
				"CODE_SIGN_IDENTITY[sdk=iphoneos*]" = "iPhone Developer";
				COPY_PHASE_STRIP = YES;
				ENABLE_NS_ASSERTIONS = NO;
				GCC_C_LANGUAGE_STANDARD = gnu99;
				GCC_WARN_64_TO_32_BIT_CONVERSION = YES;
				GCC_WARN_ABOUT_RETURN_TYPE = YES_ERROR;
				GCC_WARN_UNDECLARED_SELECTOR = YES;
				GCC_WARN_UNINITIALIZED_AUTOS = YES;
				GCC_WARN_UNUSED_FUNCTION = YES;
				GCC_WARN_UNUSED_VARIABLE = YES;
				IPHONEOS_DEPLOYMENT_TARGET = 7.0;
				SDKROOT = iphoneos;
				VALIDATE_PRODUCT = YES;
			};
			name = Release;
		};
		89BB92E61880DAEC00D8D3BE /* Debug */ = {
			isa = XCBuildConfiguration;
			buildSettings = {
				ASSETCATALOG_COMPILER_APPICON_NAME = AppIcon;
				ASSETCATALOG_COMPILER_LAUNCHIMAGE_NAME = LaunchImage;
				GCC_PRECOMPILE_PREFIX_HEADER = YES;
				GCC_PREFIX_HEADER = "MegaHealth/MegaHealth-Prefix.pch";
				INFOPLIST_FILE = "MegaHealth/MegaHealth-Info.plist";
				PRODUCT_NAME = "$(TARGET_NAME)";
				WRAPPER_EXTENSION = app;
			};
			name = Debug;
		};
		89BB92E71880DAEC00D8D3BE /* Release */ = {
			isa = XCBuildConfiguration;
			buildSettings = {
				ASSETCATALOG_COMPILER_APPICON_NAME = AppIcon;
				ASSETCATALOG_COMPILER_LAUNCHIMAGE_NAME = LaunchImage;
				GCC_PRECOMPILE_PREFIX_HEADER = YES;
				GCC_PREFIX_HEADER = "MegaHealth/MegaHealth-Prefix.pch";
				INFOPLIST_FILE = "MegaHealth/MegaHealth-Info.plist";
				PRODUCT_NAME = "$(TARGET_NAME)";
				WRAPPER_EXTENSION = app;
			};
			name = Release;
		};
		89BB92E91880DAEC00D8D3BE /* Debug */ = {
			isa = XCBuildConfiguration;
			buildSettings = {
				ARCHS = "$(ARCHS_STANDARD_INCLUDING_64_BIT)";
				BUNDLE_LOADER = "$(BUILT_PRODUCTS_DIR)/MegaHealth.app/MegaHealth";
				FRAMEWORK_SEARCH_PATHS = (
					"$(SDKROOT)/Developer/Library/Frameworks",
					"$(inherited)",
					"$(DEVELOPER_FRAMEWORKS_DIR)",
				);
				GCC_PRECOMPILE_PREFIX_HEADER = YES;
				GCC_PREFIX_HEADER = "MegaHealth/MegaHealth-Prefix.pch";
				GCC_PREPROCESSOR_DEFINITIONS = (
					"DEBUG=1",
					"$(inherited)",
				);
				INFOPLIST_FILE = "MegaHealthTests/MegaHealthTests-Info.plist";
				PRODUCT_NAME = "$(TARGET_NAME)";
				TEST_HOST = "$(BUNDLE_LOADER)";
				WRAPPER_EXTENSION = xctest;
			};
			name = Debug;
		};
		89BB92EA1880DAEC00D8D3BE /* Release */ = {
			isa = XCBuildConfiguration;
			buildSettings = {
				ARCHS = "$(ARCHS_STANDARD_INCLUDING_64_BIT)";
				BUNDLE_LOADER = "$(BUILT_PRODUCTS_DIR)/MegaHealth.app/MegaHealth";
				FRAMEWORK_SEARCH_PATHS = (
					"$(SDKROOT)/Developer/Library/Frameworks",
					"$(inherited)",
					"$(DEVELOPER_FRAMEWORKS_DIR)",
				);
				GCC_PRECOMPILE_PREFIX_HEADER = YES;
				GCC_PREFIX_HEADER = "MegaHealth/MegaHealth-Prefix.pch";
				INFOPLIST_FILE = "MegaHealthTests/MegaHealthTests-Info.plist";
				PRODUCT_NAME = "$(TARGET_NAME)";
				TEST_HOST = "$(BUNDLE_LOADER)";
				WRAPPER_EXTENSION = xctest;
			};
			name = Release;
		};
/* End XCBuildConfiguration section */

/* Begin XCConfigurationList section */
		89BB92B41880DAEC00D8D3BE /* Build configuration list for PBXProject "MegaHealth" */ = {
			isa = XCConfigurationList;
			buildConfigurations = (
				89BB92E31880DAEC00D8D3BE /* Debug */,
				89BB92E41880DAEC00D8D3BE /* Release */,
			);
			defaultConfigurationIsVisible = 0;
			defaultConfigurationName = Release;
		};
		89BB92E51880DAEC00D8D3BE /* Build configuration list for PBXNativeTarget "MegaHealth" */ = {
			isa = XCConfigurationList;
			buildConfigurations = (
				89BB92E61880DAEC00D8D3BE /* Debug */,
				89BB92E71880DAEC00D8D3BE /* Release */,
			);
			defaultConfigurationIsVisible = 0;
		};
		89BB92E81880DAEC00D8D3BE /* Build configuration list for PBXNativeTarget "MegaHealthTests" */ = {
			isa = XCConfigurationList;
			buildConfigurations = (
				89BB92E91880DAEC00D8D3BE /* Debug */,
				89BB92EA1880DAEC00D8D3BE /* Release */,
			);
			defaultConfigurationIsVisible = 0;
		};
/* End XCConfigurationList section */
	};
	rootObject = 89BB92B11880DAEC00D8D3BE /* Project object */;
}
